<?xml version="1.0" encoding="utf-8"?>
<Project ToolsVersion="4.0" xmlns="http://schemas.microsoft.com/developer/msbuild/2003">
  <ItemGroup>
    <Filter Include="Source Files">
      <UniqueIdentifier>{4FC737F1-C7A5-4376-A066-2A32D752A2FF}</UniqueIdentifier>
      <Extensions>cpp;c;cc;cxx;def;odl;idl;hpj;bat;asm;asmx</Extensions>
    </Filter>
    <Filter Include="Header Files">
      <UniqueIdentifier>{93995380-89BD-4b04-88EB-625FBE52EBFB}</UniqueIdentifier>
      <Extensions>h;hpp;hxx;hm;inl;inc;xsd</Extensions>
    </Filter>
    <Filter Include="Resource Files">
      <UniqueIdentifier>{67DA6AB6-F800-4c08-8B7A-83BB121AAD01}</UniqueIdentifier>
      <Extensions>rc;ico;cur;bmp;dlg;rc2;rct;bin;rgs;gif;jpg;jpeg;jpe;resx;tiff;tif;png;wav;mfcribbon-ms</Extensions>
    </Filter>
    <Filter Include="geodesic">
      <UniqueIdentifier>{c820f6ca-fda5-4902-af23-fc4600e8c1ea}</UniqueIdentifier>
    </Filter>
    <Filter Include="customVTK">
      <UniqueIdentifier>{ed5bb65a-3c7b-4f8c-bae0-466648fc9f8d}</UniqueIdentifier>
    </Filter>
    <Filter Include="Parameterization">
      <UniqueIdentifier>{cc1875bd-3568-40f7-8af2-411cfb785bf7}</UniqueIdentifier>
    </Filter>
  </ItemGroup>
  <ItemGroup>
    <ClInclude Include="stdafx.h">
      <Filter>Header Files</Filter>
    </ClInclude>
    <ClInclude Include="targetver.h">
      <Filter>Header Files</Filter>
    </ClInclude>
    <ClInclude Include="VTK_Header.h">
      <Filter>Header Files</Filter>
    </ClInclude>
    <ClInclude Include="utils.h">
      <Filter>Header Files</Filter>
    </ClInclude>
    <ClInclude Include="geodesic\geodesic_algorithm_dijkstra.h">
      <Filter>geodesic</Filter>
    </ClInclude>
    <ClInclude Include="geodesic\geodesic_algorithm_dijkstra_alternative.h">
      <Filter>geodesic</Filter>
    </ClInclude>
    <ClInclude Include="geodesic\geodesic_algorithm_exact.h">
      <Filter>geodesic</Filter>
    </ClInclude>
    <ClInclude Include="geodesic\geodesic_algorithm_exact_elements.h">
      <Filter>geodesic</Filter>
    </ClInclude>
    <ClInclude Include="geodesic\geodesic_algorithm_graph_base.h">
      <Filter>geodesic</Filter>
    </ClInclude>
    <ClInclude Include="geodesic\geodesic_algorithm_subdivision.h">
      <Filter>geodesic</Filter>
    </ClInclude>
    <ClInclude Include="geodesic\geodesic_constants_and_simple_functions.h">
      <Filter>geodesic</Filter>
    </ClInclude>
    <ClInclude Include="geodesic\geodesic_memory.h">
      <Filter>geodesic</Filter>
    </ClInclude>
    <ClInclude Include="geodesic\geodesic_mesh.h">
      <Filter>geodesic</Filter>
    </ClInclude>
    <ClInclude Include="geodesic\geodesic_mesh_elements.h">
      <Filter>geodesic</Filter>
    </ClInclude>
    <ClInclude Include="geodesic\geodesic_algorithm_base.h">
      <Filter>geodesic</Filter>
    </ClInclude>
    <ClInclude Include="MouseInteractorStylePP.h">
      <Filter>Header Files</Filter>
    </ClInclude>
    <ClInclude Include="vtkOFFReader.h">
      <Filter>Header Files</Filter>
    </ClInclude>
    <ClInclude Include="OpenMesh_Header.h">
      <Filter>Header Files</Filter>
    </ClInclude>
    <ClInclude Include="MyTruncate.h">
      <Filter>Header Files</Filter>
    </ClInclude>
    <ClInclude Include="GIMmodTruncate.h">
      <Filter>Header Files</Filter>
    </ClInclude>
    <ClInclude Include="customVTK\vtkFeatureEdgesEx.h">
      <Filter>customVTK</Filter>
    </ClInclude>
    <ClInclude Include="customVTK\vtkDijkstraGraphInternals.h">
      <Filter>customVTK</Filter>
    </ClInclude>
    <ClInclude Include="customVTK\vtkDijkstraGraphGeodesicPathMultiStartEndPoints.h">
      <Filter>customVTK</Filter>
    </ClInclude>
    <ClInclude Include="customVTK\vtkBoostExtractLargestComponentEx.h">
      <Filter>customVTK</Filter>
    </ClInclude>
    <ClInclude Include="Parameterization\IDCutHedge.h">
      <Filter>Parameterization</Filter>
    </ClInclude>
    <ClInclude Include="Parameterization\IDList.h">
      <Filter>Parameterization</Filter>
    </ClInclude>
    <ClInclude Include="Parameterization\IDSet.h">
      <Filter>Parameterization</Filter>
    </ClInclude>
    <ClInclude Include="Parameterization\MeshStructure.h">
      <Filter>Parameterization</Filter>
    </ClInclude>
    <ClInclude Include="Parameterization\MyParameterization.h">
      <Filter>Parameterization</Filter>
    </ClInclude>
    <ClInclude Include="Parameterization\PCBCGSolver.h">
      <Filter>Parameterization</Filter>
    </ClInclude>
    <ClInclude Include="Parameterization\Point2d.h">
      <Filter>Parameterization</Filter>
    </ClInclude>
    <ClInclude Include="Parameterization\Point3d.h">
      <Filter>Parameterization</Filter>
    </ClInclude>
    <ClInclude Include="Parameterization\PointTool.h">
      <Filter>Parameterization</Filter>
    </ClInclude>
    <ClInclude Include="Parameterization\PolarList.h">
      <Filter>Parameterization</Filter>
    </ClInclude>
    <ClInclude Include="Parameterization\PolygonsData.h">
      <Filter>Parameterization</Filter>
    </ClInclude>
    <ClInclude Include="Parameterization\Polyhedron.h">
      <Filter>Parameterization</Filter>
    </ClInclude>
    <ClInclude Include="Parameterization\stretch-minimizing.h">
      <Filter>Parameterization</Filter>
    </ClInclude>
    <ClInclude Include="Parameterization\Util.h">
      <Filter>Parameterization</Filter>
    </ClInclude>
    <ClInclude Include="Parameterization\VList.h">
      <Filter>Parameterization</Filter>
    </ClInclude>
    <ClInclude Include="GeodesicVTK.h">
      <Filter>Header Files</Filter>
    </ClInclude>
  </ItemGroup>
  <ItemGroup>
    <ClCompile Include="stdafx.cpp">
      <Filter>Source Files</Filter>
    </ClCompile>
    <ClCompile Include="geodesicVTK.cpp">
      <Filter>Source Files</Filter>
    </ClCompile>
    <ClCompile Include="utils.cpp">
      <Filter>Source Files</Filter>
    </ClCompile>
    <ClCompile Include="geodesic\geodesic_algorithm_exact.cpp">
      <Filter>geodesic</Filter>
    </ClCompile>
    <ClCompile Include="MouseInteractorStylePP.cpp">
      <Filter>Source Files</Filter>
    </ClCompile>
    <ClCompile Include="vtkOFFReader.cxx">
      <Filter>Source Files</Filter>
    </ClCompile>
    <ClCompile Include="MyTruncate.cpp">
      <Filter>Source Files</Filter>
    </ClCompile>
    <ClCompile Include="GIMmodTruncate.cpp">
      <Filter>Source Files</Filter>
    </ClCompile>
    <ClCompile Include="customVTK\vtkFeatureEdgesEx.cxx">
      <Filter>customVTK</Filter>
    </ClCompile>
    <ClCompile Include="customVTK\vtkDijkstraGraphGeodesicPathMultiStartEndPoints.cxx">
      <Filter>customVTK</Filter>
    </ClCompile>
    <ClCompile Include="customVTK\vtkBoostExtractLargestComponentEx.cxx">
      <Filter>customVTK</Filter>
    </ClCompile>
    <ClCompile Include="Parameterization\IDList.cpp">
      <Filter>Parameterization</Filter>
    </ClCompile>
    <ClCompile Include="Parameterization\IDSet.cxx">
      <Filter>Parameterization</Filter>
    </ClCompile>
    <ClCompile Include="Parameterization\MyParameterization.cpp">
      <Filter>Parameterization</Filter>
    </ClCompile>
    <ClCompile Include="Parameterization\PCBCGSolver.cxx">
      <Filter>Parameterization</Filter>
    </ClCompile>
    <ClCompile Include="Parameterization\PointTool.cxx">
      <Filter>Parameterization</Filter>
    </ClCompile>
    <ClCompile Include="Parameterization\PolygonsData.cpp">
      <Filter>Parameterization</Filter>
    </ClCompile>
    <ClCompile Include="Parameterization\Util.cpp">
      <Filter>Parameterization</Filter>
    </ClCompile>
    <ClCompile Include="Parameterization\VList.cpp">
      <Filter>Parameterization</Filter>
    </ClCompile>
    <ClCompile Include="Parameterization\IDCutHedge.cpp">
      <Filter>Parameterization</Filter>
    </ClCompile>
    <ClCompile Include="Main.cpp">
      <Filter>Source Files</Filter>
    </ClCompile>
  </ItemGroup>
  <ItemGroup>
    <None Include="Parameterization\GPUSolver.cu">
      <Filter>Parameterization</Filter>
    </None>
    <None Include="Parameterization\GPUSolver.cuh">
      <Filter>Parameterization</Filter>
    </None>
  </ItemGroup>
</Project>