<?xml version="1.0" encoding="utf-8"?>
<Project ToolsVersion="4.0" xmlns="http://schemas.microsoft.com/developer/msbuild/2003">
  <ItemGroup>
    <Filter Include="Source Files">
      <UniqueIdentifier>{4FC737F1-C7A5-4376-A066-2A32D752A2FF}</UniqueIdentifier>
      <Extensions>cpp;c;cc;cxx;def;odl;idl;hpj;bat;asm;asmx</Extensions>
    </Filter>
    <Filter Include="Header Files">
      <UniqueIdentifier>{93995380-89BD-4b04-88EB-625FBE52EBFB}</UniqueIdentifier>
      <Extensions>h;hpp;hxx;hm;inl;inc;xsd</Extensions>
    </Filter>
    <Filter Include="Resource Files">
      <UniqueIdentifier>{67DA6AB6-F800-4c08-8B7A-83BB121AAD01}</UniqueIdentifier>
      <Extensions>rc;ico;cur;bmp;dlg;rc2;rct;bin;rgs;gif;jpg;jpeg;jpe;resx;tiff;tif;png;wav;mfcribbon-ms</Extensions>
    </Filter>
    <Filter Include="geodesic">
      <UniqueIdentifier>{c820f6ca-fda5-4902-af23-fc4600e8c1ea}</UniqueIdentifier>
    </Filter>
  </ItemGroup>
  <ItemGroup>
    <Text Include="ReadMe.txt" />
  </ItemGroup>
  <ItemGroup>
    <ClInclude Include="stdafx.h">
      <Filter>Header Files</Filter>
    </ClInclude>
    <ClInclude Include="targetver.h">
      <Filter>Header Files</Filter>
    </ClInclude>
    <ClInclude Include="VTK_Header.h">
      <Filter>Header Files</Filter>
    </ClInclude>
    <ClInclude Include="utils.h">
      <Filter>Header Files</Filter>
    </ClInclude>
    <ClInclude Include="geodesic\geodesic_algorithm_dijkstra.h">
      <Filter>geodesic</Filter>
    </ClInclude>
    <ClInclude Include="geodesic\geodesic_algorithm_dijkstra_alternative.h">
      <Filter>geodesic</Filter>
    </ClInclude>
    <ClInclude Include="geodesic\geodesic_algorithm_exact.h">
      <Filter>geodesic</Filter>
    </ClInclude>
    <ClInclude Include="geodesic\geodesic_algorithm_exact_elements.h">
      <Filter>geodesic</Filter>
    </ClInclude>
    <ClInclude Include="geodesic\geodesic_algorithm_graph_base.h">
      <Filter>geodesic</Filter>
    </ClInclude>
    <ClInclude Include="geodesic\geodesic_algorithm_subdivision.h">
      <Filter>geodesic</Filter>
    </ClInclude>
    <ClInclude Include="geodesic\geodesic_constants_and_simple_functions.h">
      <Filter>geodesic</Filter>
    </ClInclude>
    <ClInclude Include="geodesic\geodesic_memory.h">
      <Filter>geodesic</Filter>
    </ClInclude>
    <ClInclude Include="geodesic\geodesic_mesh.h">
      <Filter>geodesic</Filter>
    </ClInclude>
    <ClInclude Include="geodesic\geodesic_mesh_elements.h">
      <Filter>geodesic</Filter>
    </ClInclude>
    <ClInclude Include="geodesic\geodesic_algorithm_base.h">
      <Filter>geodesic</Filter>
    </ClInclude>
    <ClInclude Include="MouseInteractorStylePP.h">
      <Filter>Header Files</Filter>
    </ClInclude>
    <ClInclude Include="vtkOFFReader.h">
      <Filter>Header Files</Filter>
    </ClInclude>
    <ClInclude Include="OpenMesh_Header.h">
      <Filter>Header Files</Filter>
    </ClInclude>
  </ItemGroup>
  <ItemGroup>
    <ClCompile Include="stdafx.cpp">
      <Filter>Source Files</Filter>
    </ClCompile>
    <ClCompile Include="geodesicVTK.cpp">
      <Filter>Source Files</Filter>
    </ClCompile>
    <ClCompile Include="utils.cpp">
      <Filter>Source Files</Filter>
    </ClCompile>
    <ClCompile Include="geodesic\geodesic_algorithm_exact.cpp">
      <Filter>geodesic</Filter>
    </ClCompile>
    <ClCompile Include="MouseInteractorStylePP.cpp">
      <Filter>Source Files</Filter>
    </ClCompile>
    <ClCompile Include="vtkOFFReader.cxx">
      <Filter>Source Files</Filter>
    </ClCompile>
  </ItemGroup>
</Project>